
Microsoft Visual Studio Solution File, Format Version 12.00
# Visual Studio Version 17
VisualStudioVersion = 17.9.34723.18
MinimumVisualStudioVersion = 10.0.40219.1
Project("{FAE04EC0-301F-11D3-BF4B-00C04F79EFBC}") = "PE_PRN212_AirConditioner_Practice", "PE_PRN212_AirConditioner_Practice\PE_PRN212_AirConditioner_Practice.csproj", "{90E580CE-DD28-4151-BA8F-598C7C1178B2}"
EndProject
Project("{FAE04EC0-301F-11D3-BF4B-00C04F79EFBC}") = "Repositories", "Repositories\Repositories.csproj", "{89E593BC-A977-4119-818B-827449B96A6B}"
EndProject
Project("{FAE04EC0-301F-11D3-BF4B-00C04F79EFBC}") = "Services", "Services\Services.csproj", "{9599D1F9-6F65-4D39-B1BD-339B6AA9D87F}"
EndProject
Global
	GlobalSection(SolutionConfigurationPlatforms) = preSolution
		Debug|Any CPU = Debug|Any CPU
		Release|Any CPU = Release|Any CPU
	EndGlobalSection
	GlobalSection(ProjectConfigurationPlatforms) = postSolution
		{90E580CE-DD28-4151-BA8F-598C7C1178B2}.Debug|Any CPU.ActiveCfg = Debug|Any CPU
		{90E580CE-DD28-4151-BA8F-598C7C1178B2}.Debug|Any CPU.Build.0 = Debug|Any CPU
		{90E580CE-DD28-4151-BA8F-598C7C1178B2}.Release|Any CPU.ActiveCfg = Release|Any CPU
		{90E580CE-DD28-4151-BA8F-598C7C1178B2}.Release|Any CPU.Build.0 = Release|Any CPU
		{89E593BC-A977-4119-818B-827449B96A6B}.Debug|Any CPU.ActiveCfg = Debug|Any CPU
		{89E593BC-A977-4119-818B-827449B96A6B}.Debug|Any CPU.Build.0 = Debug|Any CPU
		{89E593BC-A977-4119-818B-827449B96A6B}.Release|Any CPU.ActiveCfg = Release|Any CPU
		{89E593BC-A977-4119-818B-827449B96A6B}.Release|Any CPU.Build.0 = Release|Any CPU
		{9599D1F9-6F65-4D39-B1BD-339B6AA9D87F}.Debug|Any CPU.ActiveCfg = Debug|Any CPU
		{9599D1F9-6F65-4D39-B1BD-339B6AA9D87F}.Debug|Any CPU.Build.0 = Debug|Any CPU
		{9599D1F9-6F65-4D39-B1BD-339B6AA9D87F}.Release|Any CPU.ActiveCfg = Release|Any CPU
		{9599D1F9-6F65-4D39-B1BD-339B6AA9D87F}.Release|Any CPU.Build.0 = Release|Any CPU
	EndGlobalSection
	GlobalSection(SolutionProperties) = preSolution
		HideSolutionNode = FALSE
	EndGlobalSection
	GlobalSection(ExtensibilityGlobals) = postSolution
		SolutionGuid = {3754448F-2EFE-4808-9EC9-C228D0E76598}
	EndGlobalSection
EndGlobal
